
Microsoft Visual Studio Solution File, Format Version 12.00
# Visual Studio Version 17
VisualStudioVersion = 17.10.35004.147
MinimumVisualStudioVersion = 10.0.40219.1
Project("{FAE04EC0-301F-11D3-BF4B-00C04F79EFBC}") = "Futbolfan1.Server", "Futbolfan1.Server\Futbolfan1.Server.csproj", "{17E3584D-DFB2-4CAB-874A-69EB74B364D7}"
EndProject
Project("{54A90642-561A-4BB1-A94E-469ADEE60C69}") = "futbolfan1.client", "futbolfan1.client\futbolfan1.client.esproj", "{DCF3FDD9-9104-4BF6-A82A-3821E67974F4}"
EndProject
Global
	GlobalSection(SolutionConfigurationPlatforms) = preSolution
		Debug|Any CPU = Debug|Any CPU
		Release|Any CPU = Release|Any CPU
	EndGlobalSection
	GlobalSection(ProjectConfigurationPlatforms) = postSolution
		{17E3584D-DFB2-4CAB-874A-69EB74B364D7}.Debug|Any CPU.ActiveCfg = Debug|Any CPU
		{17E3584D-DFB2-4CAB-874A-69EB74B364D7}.Debug|Any CPU.Build.0 = Debug|Any CPU
		{17E3584D-DFB2-4CAB-874A-69EB74B364D7}.Release|Any CPU.ActiveCfg = Release|Any CPU
		{17E3584D-DFB2-4CAB-874A-69EB74B364D7}.Release|Any CPU.Build.0 = Release|Any CPU
		{DCF3FDD9-9104-4BF6-A82A-3821E67974F4}.Debug|Any CPU.ActiveCfg = Debug|Any CPU
		{DCF3FDD9-9104-4BF6-A82A-3821E67974F4}.Debug|Any CPU.Build.0 = Debug|Any CPU
		{DCF3FDD9-9104-4BF6-A82A-3821E67974F4}.Debug|Any CPU.Deploy.0 = Debug|Any CPU
		{DCF3FDD9-9104-4BF6-A82A-3821E67974F4}.Release|Any CPU.ActiveCfg = Release|Any CPU
		{DCF3FDD9-9104-4BF6-A82A-3821E67974F4}.Release|Any CPU.Build.0 = Release|Any CPU
		{DCF3FDD9-9104-4BF6-A82A-3821E67974F4}.Release|Any CPU.Deploy.0 = Release|Any CPU
	EndGlobalSection
	GlobalSection(SolutionProperties) = preSolution
		HideSolutionNode = FALSE
	EndGlobalSection
	GlobalSection(ExtensibilityGlobals) = postSolution
		SolutionGuid = {4EE2C684-BD7F-41B2-8DB5-588D51974762}
	EndGlobalSection
EndGlobal
